
Microsoft Visual Studio Solution File, Format Version 12.00
# Visual Studio Version 16
VisualStudioVersion = 16.0.29613.14
MinimumVisualStudioVersion = 10.0.40219.1
Project("{FAE04EC0-301F-11D3-BF4B-00C04F79EFBC}") = "console-chess", "console-chess\console-chess.csproj", "{DDDCEDA5-6CD4-45A0-A6B2-1C281CD3815F}"
EndProject
Global
	GlobalSection(SolutionConfigurationPlatforms) = preSolution
		Debug|Any CPU = Debug|Any CPU
		Release|Any CPU = Release|Any CPU
	EndGlobalSection
	GlobalSection(ProjectConfigurationPlatforms) = postSolution
		{DDDCEDA5-6CD4-45A0-A6B2-1C281CD3815F}.Debug|Any CPU.ActiveCfg = Debug|Any CPU
		{DDDCEDA5-6CD4-45A0-A6B2-1C281CD3815F}.Debug|Any CPU.Build.0 = Debug|Any CPU
		{DDDCEDA5-6CD4-45A0-A6B2-1C281CD3815F}.Release|Any CPU.ActiveCfg = Release|Any CPU
		{DDDCEDA5-6CD4-45A0-A6B2-1C281CD3815F}.Release|Any CPU.Build.0 = Release|Any CPU
	EndGlobalSection
	GlobalSection(SolutionProperties) = preSolution
		HideSolutionNode = FALSE
	EndGlobalSection
	GlobalSection(ExtensibilityGlobals) = postSolution
		SolutionGuid = {799B9D4E-26F0-442B-AB47-04298A81291C}
	EndGlobalSection
EndGlobal
